
Microsoft Visual Studio Solution File, Format Version 12.00
# Visual Studio Version 16
VisualStudioVersion = 16.0.30711.63
MinimumVisualStudioVersion = 10.0.40219.1
Project("{FAE04EC0-301F-11D3-BF4B-00C04F79EFBC}") = "EducationCourse", "EducationCourse\EducationCourse.csproj", "{75D97B5F-A01E-43A9-9E9F-ECA016B3F651}"
EndProject
Project("{FAE04EC0-301F-11D3-BF4B-00C04F79EFBC}") = "EducationCourse.Tests", "EducationCourse.Tests\EducationCourse.Tests.csproj", "{CEDAE584-116D-4505-9069-1E8AB225DB7F}"
EndProject
Global
	GlobalSection(SolutionConfigurationPlatforms) = preSolution
		Debug|Any CPU = Debug|Any CPU
		Release|Any CPU = Release|Any CPU
	EndGlobalSection
	GlobalSection(ProjectConfigurationPlatforms) = postSolution
		{75D97B5F-A01E-43A9-9E9F-ECA016B3F651}.Debug|Any CPU.ActiveCfg = Debug|Any CPU
		{75D97B5F-A01E-43A9-9E9F-ECA016B3F651}.Debug|Any CPU.Build.0 = Debug|Any CPU
		{75D97B5F-A01E-43A9-9E9F-ECA016B3F651}.Release|Any CPU.ActiveCfg = Release|Any CPU
		{75D97B5F-A01E-43A9-9E9F-ECA016B3F651}.Release|Any CPU.Build.0 = Release|Any CPU
		{CEDAE584-116D-4505-9069-1E8AB225DB7F}.Debug|Any CPU.ActiveCfg = Debug|Any CPU
		{CEDAE584-116D-4505-9069-1E8AB225DB7F}.Debug|Any CPU.Build.0 = Debug|Any CPU
		{CEDAE584-116D-4505-9069-1E8AB225DB7F}.Release|Any CPU.ActiveCfg = Release|Any CPU
		{CEDAE584-116D-4505-9069-1E8AB225DB7F}.Release|Any CPU.Build.0 = Release|Any CPU
	EndGlobalSection
	GlobalSection(SolutionProperties) = preSolution
		HideSolutionNode = FALSE
	EndGlobalSection
	GlobalSection(ExtensibilityGlobals) = postSolution
		SolutionGuid = {C2C15C5D-A97A-4303-99BC-764CAF220D1B}
	EndGlobalSection
EndGlobal
